
Microsoft Visual Studio Solution File, Format Version 12.00
# Visual Studio Version 16
VisualStudioVersion = 16.0.29306.81
MinimumVisualStudioVersion = 10.0.40219.1
Project("{FAE04EC0-301F-11D3-BF4B-00C04F79EFBC}") = "VigoBAS-Start", "VigoBAS-Start.csproj", "{AF687BDA-1D60-4EEC-8DFE-A460E81F188B}"
EndProject
Global
	GlobalSection(SolutionConfigurationPlatforms) = preSolution
		Debug|Any CPU = Debug|Any CPU
		Dev-Test|Any CPU = Dev-Test|Any CPU
		Release|Any CPU = Release|Any CPU
		Test|Any CPU = Test|Any CPU
	EndGlobalSection
	GlobalSection(ProjectConfigurationPlatforms) = postSolution
		{AF687BDA-1D60-4EEC-8DFE-A460E81F188B}.Debug|Any CPU.ActiveCfg = Release|Any CPU
		{AF687BDA-1D60-4EEC-8DFE-A460E81F188B}.Debug|Any CPU.Build.0 = Release|Any CPU
		{AF687BDA-1D60-4EEC-8DFE-A460E81F188B}.Dev-Test|Any CPU.ActiveCfg = Dev-Test|Any CPU
		{AF687BDA-1D60-4EEC-8DFE-A460E81F188B}.Dev-Test|Any CPU.Build.0 = Dev-Test|Any CPU
		{AF687BDA-1D60-4EEC-8DFE-A460E81F188B}.Release|Any CPU.ActiveCfg = Release|Any CPU
		{AF687BDA-1D60-4EEC-8DFE-A460E81F188B}.Release|Any CPU.Build.0 = Release|Any CPU
		{AF687BDA-1D60-4EEC-8DFE-A460E81F188B}.Test|Any CPU.ActiveCfg = Test|Any CPU
		{AF687BDA-1D60-4EEC-8DFE-A460E81F188B}.Test|Any CPU.Build.0 = Test|Any CPU
	EndGlobalSection
	GlobalSection(SolutionProperties) = preSolution
		HideSolutionNode = FALSE
	EndGlobalSection
	GlobalSection(ExtensibilityGlobals) = postSolution
		SolutionGuid = {54189A5D-3F18-4BFA-8FA1-5B4567CCCD3D}
	EndGlobalSection
EndGlobal
